
Microsoft Visual Studio Solution File, Format Version 12.00
# Visual Studio 15
VisualStudioVersion = 15.0.27004.2009
MinimumVisualStudioVersion = 10.0.40219.1
Project("{FAE04EC0-301F-11D3-BF4B-00C04F79EFBC}") = "RouteMap.Android", "RouteMap\RouteMap.Android\RouteMap.Android.csproj", "{746408B8-B45E-41A1-A169-81C2F9C3A00B}"
EndProject
Project("{FAE04EC0-301F-11D3-BF4B-00C04F79EFBC}") = "RouteMap", "RouteMap\RouteMap\RouteMap.csproj", "{4AC313F4-B0BA-4258-990E-443DF4A36E8A}"
EndProject
Project("{FAE04EC0-301F-11D3-BF4B-00C04F79EFBC}") = "RouteMap.UWP", "RouteMap\RouteMap.UWP\RouteMap.UWP.csproj", "{6B161DF4-6A42-49D0-AAAA-D07A6125E17C}"
EndProject
Project("{FAE04EC0-301F-11D3-BF4B-00C04F79EFBC}") = "RouteMap.iOS", "RouteMap\RouteMap.iOS\RouteMap.iOS.csproj", "{F3EF5323-D913-41C7-917A-408F8753C4E5}"
EndProject
Global
	GlobalSection(SolutionConfigurationPlatforms) = preSolution
		Ad-Hoc|Any CPU = Ad-Hoc|Any CPU
		Ad-Hoc|ARM = Ad-Hoc|ARM
		Ad-Hoc|iPhone = Ad-Hoc|iPhone
		Ad-Hoc|iPhoneSimulator = Ad-Hoc|iPhoneSimulator
		Ad-Hoc|x64 = Ad-Hoc|x64
		Ad-Hoc|x86 = Ad-Hoc|x86
		AppStore|Any CPU = AppStore|Any CPU
		AppStore|ARM = AppStore|ARM
		AppStore|iPhone = AppStore|iPhone
		AppStore|iPhoneSimulator = AppStore|iPhoneSimulator
		AppStore|x64 = AppStore|x64
		AppStore|x86 = AppStore|x86
		Debug|Any CPU = Debug|Any CPU
		Debug|ARM = Debug|ARM
		Debug|iPhone = Debug|iPhone
		Debug|iPhoneSimulator = Debug|iPhoneSimulator
		Debug|x64 = Debug|x64
		Debug|x86 = Debug|x86
		Release|Any CPU = Release|Any CPU
		Release|ARM = Release|ARM
		Release|iPhone = Release|iPhone
		Release|iPhoneSimulator = Release|iPhoneSimulator
		Release|x64 = Release|x64
		Release|x86 = Release|x86
	EndGlobalSection
	GlobalSection(ProjectConfigurationPlatforms) = postSolution
		{746408B8-B45E-41A1-A169-81C2F9C3A00B}.Ad-Hoc|Any CPU.ActiveCfg = Release|Any CPU
		{746408B8-B45E-41A1-A169-81C2F9C3A00B}.Ad-Hoc|Any CPU.Build.0 = Release|Any CPU
		{746408B8-B45E-41A1-A169-81C2F9C3A00B}.Ad-Hoc|Any CPU.Deploy.0 = Release|Any CPU
		{746408B8-B45E-41A1-A169-81C2F9C3A00B}.Ad-Hoc|ARM.ActiveCfg = Release|Any CPU
		{746408B8-B45E-41A1-A169-81C2F9C3A00B}.Ad-Hoc|ARM.Build.0 = Release|Any CPU
		{746408B8-B45E-41A1-A169-81C2F9C3A00B}.Ad-Hoc|ARM.Deploy.0 = Release|Any CPU
		{746408B8-B45E-41A1-A169-81C2F9C3A00B}.Ad-Hoc|iPhone.ActiveCfg = Release|Any CPU
		{746408B8-B45E-41A1-A169-81C2F9C3A00B}.Ad-Hoc|iPhone.Build.0 = Release|Any CPU
		{746408B8-B45E-41A1-A169-81C2F9C3A00B}.Ad-Hoc|iPhone.Deploy.0 = Release|Any CPU
		{746408B8-B45E-41A1-A169-81C2F9C3A00B}.Ad-Hoc|iPhoneSimulator.ActiveCfg = Release|Any CPU
		{746408B8-B45E-41A1-A169-81C2F9C3A00B}.Ad-Hoc|iPhoneSimulator.Build.0 = Release|Any CPU
		{746408B8-B45E-41A1-A169-81C2F9C3A00B}.Ad-Hoc|iPhoneSimulator.Deploy.0 = Release|Any CPU
		{746408B8-B45E-41A1-A169-81C2F9C3A00B}.Ad-Hoc|x64.ActiveCfg = Release|Any CPU
		{746408B8-B45E-41A1-A169-81C2F9C3A00B}.Ad-Hoc|x64.Build.0 = Release|Any CPU
		{746408B8-B45E-41A1-A169-81C2F9C3A00B}.Ad-Hoc|x64.Deploy.0 = Release|Any CPU
		{746408B8-B45E-41A1-A169-81C2F9C3A00B}.Ad-Hoc|x86.ActiveCfg = Release|Any CPU
		{746408B8-B45E-41A1-A169-81C2F9C3A00B}.Ad-Hoc|x86.Build.0 = Release|Any CPU
		{746408B8-B45E-41A1-A169-81C2F9C3A00B}.Ad-Hoc|x86.Deploy.0 = Release|Any CPU
		{746408B8-B45E-41A1-A169-81C2F9C3A00B}.AppStore|Any CPU.ActiveCfg = Release|Any CPU
		{746408B8-B45E-41A1-A169-81C2F9C3A00B}.AppStore|Any CPU.Build.0 = Release|Any CPU
		{746408B8-B45E-41A1-A169-81C2F9C3A00B}.AppStore|Any CPU.Deploy.0 = Release|Any CPU
		{746408B8-B45E-41A1-A169-81C2F9C3A00B}.AppStore|ARM.ActiveCfg = Release|Any CPU
		{746408B8-B45E-41A1-A169-81C2F9C3A00B}.AppStore|ARM.Build.0 = Release|Any CPU
		{746408B8-B45E-41A1-A169-81C2F9C3A00B}.AppStore|ARM.Deploy.0 = Release|Any CPU
		{746408B8-B45E-41A1-A169-81C2F9C3A00B}.AppStore|iPhone.ActiveCfg = Release|Any CPU
		{746408B8-B45E-41A1-A169-81C2F9C3A00B}.AppStore|iPhone.Build.0 = Release|Any CPU
		{746408B8-B45E-41A1-A169-81C2F9C3A00B}.AppStore|iPhone.Deploy.0 = Release|Any CPU
		{746408B8-B45E-41A1-A169-81C2F9C3A00B}.AppStore|iPhoneSimulator.ActiveCfg = Release|Any CPU
		{746408B8-B45E-41A1-A169-81C2F9C3A00B}.AppStore|iPhoneSimulator.Build.0 = Release|Any CPU
		{746408B8-B45E-41A1-A169-81C2F9C3A00B}.AppStore|iPhoneSimulator.Deploy.0 = Release|Any CPU
		{746408B8-B45E-41A1-A169-81C2F9C3A00B}.AppStore|x64.ActiveCfg = Release|Any CPU
		{746408B8-B45E-41A1-A169-81C2F9C3A00B}.AppStore|x64.Build.0 = Release|Any CPU
		{746408B8-B45E-41A1-A169-81C2F9C3A00B}.AppStore|x64.Deploy.0 = Release|Any CPU
		{746408B8-B45E-41A1-A169-81C2F9C3A00B}.AppStore|x86.ActiveCfg = Release|Any CPU
		{746408B8-B45E-41A1-A169-81C2F9C3A00B}.AppStore|x86.Build.0 = Release|Any CPU
		{746408B8-B45E-41A1-A169-81C2F9C3A00B}.AppStore|x86.Deploy.0 = Release|Any CPU
		{746408B8-B45E-41A1-A169-81C2F9C3A00B}.Debug|Any CPU.ActiveCfg = Debug|Any CPU
		{746408B8-B45E-41A1-A169-81C2F9C3A00B}.Debug|Any CPU.Build.0 = Debug|Any CPU
		{746408B8-B45E-41A1-A169-81C2F9C3A00B}.Debug|Any CPU.Deploy.0 = Debug|Any CPU
		{746408B8-B45E-41A1-A169-81C2F9C3A00B}.Debug|ARM.ActiveCfg = Debug|Any CPU
		{746408B8-B45E-41A1-A169-81C2F9C3A00B}.Debug|ARM.Build.0 = Debug|Any CPU
		{746408B8-B45E-41A1-A169-81C2F9C3A00B}.Debug|ARM.Deploy.0 = Debug|Any CPU
		{746408B8-B45E-41A1-A169-81C2F9C3A00B}.Debug|iPhone.ActiveCfg = Debug|Any CPU
		{746408B8-B45E-41A1-A169-81C2F9C3A00B}.Debug|iPhone.Build.0 = Debug|Any CPU
		{746408B8-B45E-41A1-A169-81C2F9C3A00B}.Debug|iPhone.Deploy.0 = Debug|Any CPU
		{746408B8-B45E-41A1-A169-81C2F9C3A00B}.Debug|iPhoneSimulator.ActiveCfg = Debug|Any CPU
		{746408B8-B45E-41A1-A169-81C2F9C3A00B}.Debug|iPhoneSimulator.Build.0 = Debug|Any CPU
		{746408B8-B45E-41A1-A169-81C2F9C3A00B}.Debug|iPhoneSimulator.Deploy.0 = Debug|Any CPU
		{746408B8-B45E-41A1-A169-81C2F9C3A00B}.Debug|x64.ActiveCfg = Debug|Any CPU
		{746408B8-B45E-41A1-A169-81C2F9C3A00B}.Debug|x64.Build.0 = Debug|Any CPU
		{746408B8-B45E-41A1-A169-81C2F9C3A00B}.Debug|x64.Deploy.0 = Debug|Any CPU
		{746408B8-B45E-41A1-A169-81C2F9C3A00B}.Debug|x86.ActiveCfg = Debug|Any CPU
		{746408B8-B45E-41A1-A169-81C2F9C3A00B}.Debug|x86.Build.0 = Debug|Any CPU
		{746408B8-B45E-41A1-A169-81C2F9C3A00B}.Debug|x86.Deploy.0 = Debug|Any CPU
		{746408B8-B45E-41A1-A169-81C2F9C3A00B}.Release|Any CPU.ActiveCfg = Release|Any CPU
		{746408B8-B45E-41A1-A169-81C2F9C3A00B}.Release|Any CPU.Build.0 = Release|Any CPU
		{746408B8-B45E-41A1-A169-81C2F9C3A00B}.Release|Any CPU.Deploy.0 = Release|Any CPU
		{746408B8-B45E-41A1-A169-81C2F9C3A00B}.Release|ARM.ActiveCfg = Release|Any CPU
		{746408B8-B45E-41A1-A169-81C2F9C3A00B}.Release|ARM.Build.0 = Release|Any CPU
		{746408B8-B45E-41A1-A169-81C2F9C3A00B}.Release|ARM.Deploy.0 = Release|Any CPU
		{746408B8-B45E-41A1-A169-81C2F9C3A00B}.Release|iPhone.ActiveCfg = Release|Any CPU
		{746408B8-B45E-41A1-A169-81C2F9C3A00B}.Release|iPhone.Build.0 = Release|Any CPU
		{746408B8-B45E-41A1-A169-81C2F9C3A00B}.Release|iPhone.Deploy.0 = Release|Any CPU
		{746408B8-B45E-41A1-A169-81C2F9C3A00B}.Release|iPhoneSimulator.ActiveCfg = Release|Any CPU
		{746408B8-B45E-41A1-A169-81C2F9C3A00B}.Release|iPhoneSimulator.Build.0 = Release|Any CPU
		{746408B8-B45E-41A1-A169-81C2F9C3A00B}.Release|iPhoneSimulator.Deploy.0 = Release|Any CPU
		{746408B8-B45E-41A1-A169-81C2F9C3A00B}.Release|x64.ActiveCfg = Release|Any CPU
		{746408B8-B45E-41A1-A169-81C2F9C3A00B}.Release|x64.Build.0 = Release|Any CPU
		{746408B8-B45E-41A1-A169-81C2F9C3A00B}.Release|x64.Deploy.0 = Release|Any CPU
		{746408B8-B45E-41A1-A169-81C2F9C3A00B}.Release|x86.ActiveCfg = Release|Any CPU
		{746408B8-B45E-41A1-A169-81C2F9C3A00B}.Release|x86.Build.0 = Release|Any CPU
		{746408B8-B45E-41A1-A169-81C2F9C3A00B}.Release|x86.Deploy.0 = Release|Any CPU
		{4AC313F4-B0BA-4258-990E-443DF4A36E8A}.Ad-Hoc|Any CPU.ActiveCfg = Release|Any CPU
		{4AC313F4-B0BA-4258-990E-443DF4A36E8A}.Ad-Hoc|Any CPU.Build.0 = Release|Any CPU
		{4AC313F4-B0BA-4258-990E-443DF4A36E8A}.Ad-Hoc|ARM.ActiveCfg = Release|Any CPU
		{4AC313F4-B0BA-4258-990E-443DF4A36E8A}.Ad-Hoc|ARM.Build.0 = Release|Any CPU
		{4AC313F4-B0BA-4258-990E-443DF4A36E8A}.Ad-Hoc|iPhone.ActiveCfg = Release|Any CPU
		{4AC313F4-B0BA-4258-990E-443DF4A36E8A}.Ad-Hoc|iPhone.Build.0 = Release|Any CPU
		{4AC313F4-B0BA-4258-990E-443DF4A36E8A}.Ad-Hoc|iPhoneSimulator.ActiveCfg = Release|Any CPU
		{4AC313F4-B0BA-4258-990E-443DF4A36E8A}.Ad-Hoc|iPhoneSimulator.Build.0 = Release|Any CPU
		{4AC313F4-B0BA-4258-990E-443DF4A36E8A}.Ad-Hoc|x64.ActiveCfg = Release|Any CPU
		{4AC313F4-B0BA-4258-990E-443DF4A36E8A}.Ad-Hoc|x64.Build.0 = Release|Any CPU
		{4AC313F4-B0BA-4258-990E-443DF4A36E8A}.Ad-Hoc|x86.ActiveCfg = Release|Any CPU
		{4AC313F4-B0BA-4258-990E-443DF4A36E8A}.Ad-Hoc|x86.Build.0 = Release|Any CPU
		{4AC313F4-B0BA-4258-990E-443DF4A36E8A}.AppStore|Any CPU.ActiveCfg = Release|Any CPU
		{4AC313F4-B0BA-4258-990E-443DF4A36E8A}.AppStore|Any CPU.Build.0 = Release|Any CPU
		{4AC313F4-B0BA-4258-990E-443DF4A36E8A}.AppStore|ARM.ActiveCfg = Release|Any CPU
		{4AC313F4-B0BA-4258-990E-443DF4A36E8A}.AppStore|ARM.Build.0 = Release|Any CPU
		{4AC313F4-B0BA-4258-990E-443DF4A36E8A}.AppStore|iPhone.ActiveCfg = Release|Any CPU
		{4AC313F4-B0BA-4258-990E-443DF4A36E8A}.AppStore|iPhone.Build.0 = Release|Any CPU
		{4AC313F4-B0BA-4258-990E-443DF4A36E8A}.AppStore|iPhoneSimulator.ActiveCfg = Release|Any CPU
		{4AC313F4-B0BA-4258-990E-443DF4A36E8A}.AppStore|iPhoneSimulator.Build.0 = Release|Any CPU
		{4AC313F4-B0BA-4258-990E-443DF4A36E8A}.AppStore|x64.ActiveCfg = Release|Any CPU
		{4AC313F4-B0BA-4258-990E-443DF4A36E8A}.AppStore|x64.Build.0 = Release|Any CPU
		{4AC313F4-B0BA-4258-990E-443DF4A36E8A}.AppStore|x86.ActiveCfg = Release|Any CPU
		{4AC313F4-B0BA-4258-990E-443DF4A36E8A}.AppStore|x86.Build.0 = Release|Any CPU
		{4AC313F4-B0BA-4258-990E-443DF4A36E8A}.Debug|Any CPU.ActiveCfg = Debug|Any CPU
		{4AC313F4-B0BA-4258-990E-443DF4A36E8A}.Debug|Any CPU.Build.0 = Debug|Any CPU
		{4AC313F4-B0BA-4258-990E-443DF4A36E8A}.Debug|ARM.ActiveCfg = Debug|Any CPU
		{4AC313F4-B0BA-4258-990E-443DF4A36E8A}.Debug|ARM.Build.0 = Debug|Any CPU
		{4AC313F4-B0BA-4258-990E-443DF4A36E8A}.Debug|iPhone.ActiveCfg = Debug|Any CPU
		{4AC313F4-B0BA-4258-990E-443DF4A36E8A}.Debug|iPhone.Build.0 = Debug|Any CPU
		{4AC313F4-B0BA-4258-990E-443DF4A36E8A}.Debug|iPhoneSimulator.ActiveCfg = Debug|Any CPU
		{4AC313F4-B0BA-4258-990E-443DF4A36E8A}.Debug|iPhoneSimulator.Build.0 = Debug|Any CPU
		{4AC313F4-B0BA-4258-990E-443DF4A36E8A}.Debug|x64.ActiveCfg = Debug|Any CPU
		{4AC313F4-B0BA-4258-990E-443DF4A36E8A}.Debug|x64.Build.0 = Debug|Any CPU
		{4AC313F4-B0BA-4258-990E-443DF4A36E8A}.Debug|x86.ActiveCfg = Debug|Any CPU
		{4AC313F4-B0BA-4258-990E-443DF4A36E8A}.Debug|x86.Build.0 = Debug|Any CPU
		{4AC313F4-B0BA-4258-990E-443DF4A36E8A}.Release|Any CPU.ActiveCfg = Release|Any CPU
		{4AC313F4-B0BA-4258-990E-443DF4A36E8A}.Release|Any CPU.Build.0 = Release|Any CPU
		{4AC313F4-B0BA-4258-990E-443DF4A36E8A}.Release|ARM.ActiveCfg = Release|Any CPU
		{4AC313F4-B0BA-4258-990E-443DF4A36E8A}.Release|ARM.Build.0 = Release|Any CPU
		{4AC313F4-B0BA-4258-990E-443DF4A36E8A}.Release|iPhone.ActiveCfg = Release|Any CPU
		{4AC313F4-B0BA-4258-990E-443DF4A36E8A}.Release|iPhone.Build.0 = Release|Any CPU
		{4AC313F4-B0BA-4258-990E-443DF4A36E8A}.Release|iPhoneSimulator.ActiveCfg = Release|Any CPU
		{4AC313F4-B0BA-4258-990E-443DF4A36E8A}.Release|iPhoneSimulator.Build.0 = Release|Any CPU
		{4AC313F4-B0BA-4258-990E-443DF4A36E8A}.Release|x64.ActiveCfg = Release|Any CPU
		{4AC313F4-B0BA-4258-990E-443DF4A36E8A}.Release|x64.Build.0 = Release|Any CPU
		{4AC313F4-B0BA-4258-990E-443DF4A36E8A}.Release|x86.ActiveCfg = Release|Any CPU
		{4AC313F4-B0BA-4258-990E-443DF4A36E8A}.Release|x86.Build.0 = Release|Any CPU
		{6B161DF4-6A42-49D0-AAAA-D07A6125E17C}.Ad-Hoc|Any CPU.ActiveCfg = Release|x86
		{6B161DF4-6A42-49D0-AAAA-D07A6125E17C}.Ad-Hoc|Any CPU.Build.0 = Release|x86
		{6B161DF4-6A42-49D0-AAAA-D07A6125E17C}.Ad-Hoc|Any CPU.Deploy.0 = Release|x86
		{6B161DF4-6A42-49D0-AAAA-D07A6125E17C}.Ad-Hoc|ARM.ActiveCfg = Release|ARM
		{6B161DF4-6A42-49D0-AAAA-D07A6125E17C}.Ad-Hoc|ARM.Build.0 = Release|ARM
		{6B161DF4-6A42-49D0-AAAA-D07A6125E17C}.Ad-Hoc|ARM.Deploy.0 = Release|ARM
		{6B161DF4-6A42-49D0-AAAA-D07A6125E17C}.Ad-Hoc|iPhone.ActiveCfg = Release|x86
		{6B161DF4-6A42-49D0-AAAA-D07A6125E17C}.Ad-Hoc|iPhone.Build.0 = Release|x86
		{6B161DF4-6A42-49D0-AAAA-D07A6125E17C}.Ad-Hoc|iPhone.Deploy.0 = Release|x86
		{6B161DF4-6A42-49D0-AAAA-D07A6125E17C}.Ad-Hoc|iPhoneSimulator.ActiveCfg = Release|x86
		{6B161DF4-6A42-49D0-AAAA-D07A6125E17C}.Ad-Hoc|iPhoneSimulator.Build.0 = Release|x86
		{6B161DF4-6A42-49D0-AAAA-D07A6125E17C}.Ad-Hoc|iPhoneSimulator.Deploy.0 = Release|x86
		{6B161DF4-6A42-49D0-AAAA-D07A6125E17C}.Ad-Hoc|x64.ActiveCfg = Release|x64
		{6B161DF4-6A42-49D0-AAAA-D07A6125E17C}.Ad-Hoc|x64.Build.0 = Release|x64
		{6B161DF4-6A42-49D0-AAAA-D07A6125E17C}.Ad-Hoc|x64.Deploy.0 = Release|x64
		{6B161DF4-6A42-49D0-AAAA-D07A6125E17C}.Ad-Hoc|x86.ActiveCfg = Release|x86
		{6B161DF4-6A42-49D0-AAAA-D07A6125E17C}.Ad-Hoc|x86.Build.0 = Release|x86
		{6B161DF4-6A42-49D0-AAAA-D07A6125E17C}.Ad-Hoc|x86.Deploy.0 = Release|x86
		{6B161DF4-6A42-49D0-AAAA-D07A6125E17C}.AppStore|Any CPU.ActiveCfg = Release|x86
		{6B161DF4-6A42-49D0-AAAA-D07A6125E17C}.AppStore|Any CPU.Build.0 = Release|x86
		{6B161DF4-6A42-49D0-AAAA-D07A6125E17C}.AppStore|Any CPU.Deploy.0 = Release|x86
		{6B161DF4-6A42-49D0-AAAA-D07A6125E17C}.AppStore|ARM.ActiveCfg = Release|ARM
		{6B161DF4-6A42-49D0-AAAA-D07A6125E17C}.AppStore|ARM.Build.0 = Release|ARM
		{6B161DF4-6A42-49D0-AAAA-D07A6125E17C}.AppStore|ARM.Deploy.0 = Release|ARM
		{6B161DF4-6A42-49D0-AAAA-D07A6125E17C}.AppStore|iPhone.ActiveCfg = Release|x86
		{6B161DF4-6A42-49D0-AAAA-D07A6125E17C}.AppStore|iPhone.Build.0 = Release|x86
		{6B161DF4-6A42-49D0-AAAA-D07A6125E17C}.AppStore|iPhone.Deploy.0 = Release|x86
		{6B161DF4-6A42-49D0-AAAA-D07A6125E17C}.AppStore|iPhoneSimulator.ActiveCfg = Release|x86
		{6B161DF4-6A42-49D0-AAAA-D07A6125E17C}.AppStore|iPhoneSimulator.Build.0 = Release|x86
		{6B161DF4-6A42-49D0-AAAA-D07A6125E17C}.AppStore|iPhoneSimulator.Deploy.0 = Release|x86
		{6B161DF4-6A42-49D0-AAAA-D07A6125E17C}.AppStore|x64.ActiveCfg = Release|x64
		{6B161DF4-6A42-49D0-AAAA-D07A6125E17C}.AppStore|x64.Build.0 = Release|x64
		{6B161DF4-6A42-49D0-AAAA-D07A6125E17C}.AppStore|x64.Deploy.0 = Release|x64
		{6B161DF4-6A42-49D0-AAAA-D07A6125E17C}.AppStore|x86.ActiveCfg = Release|x86
		{6B161DF4-6A42-49D0-AAAA-D07A6125E17C}.AppStore|x86.Build.0 = Release|x86
		{6B161DF4-6A42-49D0-AAAA-D07A6125E17C}.AppStore|x86.Deploy.0 = Release|x86
		{6B161DF4-6A42-49D0-AAAA-D07A6125E17C}.Debug|Any CPU.ActiveCfg = Debug|x86
		{6B161DF4-6A42-49D0-AAAA-D07A6125E17C}.Debug|ARM.ActiveCfg = Debug|ARM
		{6B161DF4-6A42-49D0-AAAA-D07A6125E17C}.Debug|ARM.Build.0 = Debug|ARM
		{6B161DF4-6A42-49D0-AAAA-D07A6125E17C}.Debug|ARM.Deploy.0 = Debug|ARM
		{6B161DF4-6A42-49D0-AAAA-D07A6125E17C}.Debug|iPhone.ActiveCfg = Debug|x86
		{6B161DF4-6A42-49D0-AAAA-D07A6125E17C}.Debug|iPhoneSimulator.ActiveCfg = Debug|x86
		{6B161DF4-6A42-49D0-AAAA-D07A6125E17C}.Debug|x64.ActiveCfg = Debug|x64
		{6B161DF4-6A42-49D0-AAAA-D07A6125E17C}.Debug|x64.Build.0 = Debug|x64
		{6B161DF4-6A42-49D0-AAAA-D07A6125E17C}.Debug|x64.Deploy.0 = Debug|x64
		{6B161DF4-6A42-49D0-AAAA-D07A6125E17C}.Debug|x86.ActiveCfg = Debug|x86
		{6B161DF4-6A42-49D0-AAAA-D07A6125E17C}.Debug|x86.Build.0 = Debug|x86
		{6B161DF4-6A42-49D0-AAAA-D07A6125E17C}.Debug|x86.Deploy.0 = Debug|x86
		{6B161DF4-6A42-49D0-AAAA-D07A6125E17C}.Release|Any CPU.ActiveCfg = Release|x86
		{6B161DF4-6A42-49D0-AAAA-D07A6125E17C}.Release|ARM.ActiveCfg = Release|ARM
		{6B161DF4-6A42-49D0-AAAA-D07A6125E17C}.Release|ARM.Build.0 = Release|ARM
		{6B161DF4-6A42-49D0-AAAA-D07A6125E17C}.Release|ARM.Deploy.0 = Release|ARM
		{6B161DF4-6A42-49D0-AAAA-D07A6125E17C}.Release|iPhone.ActiveCfg = Release|x86
		{6B161DF4-6A42-49D0-AAAA-D07A6125E17C}.Release|iPhoneSimulator.ActiveCfg = Release|x86
		{6B161DF4-6A42-49D0-AAAA-D07A6125E17C}.Release|x64.ActiveCfg = Release|x64
		{6B161DF4-6A42-49D0-AAAA-D07A6125E17C}.Release|x64.Build.0 = Release|x64
		{6B161DF4-6A42-49D0-AAAA-D07A6125E17C}.Release|x64.Deploy.0 = Release|x64
		{6B161DF4-6A42-49D0-AAAA-D07A6125E17C}.Release|x86.ActiveCfg = Release|x86
		{6B161DF4-6A42-49D0-AAAA-D07A6125E17C}.Release|x86.Build.0 = Release|x86
		{6B161DF4-6A42-49D0-AAAA-D07A6125E17C}.Release|x86.Deploy.0 = Release|x86
		{F3EF5323-D913-41C7-917A-408F8753C4E5}.Ad-Hoc|Any CPU.ActiveCfg = Ad-Hoc|iPhoneSimulator
		{F3EF5323-D913-41C7-917A-408F8753C4E5}.Ad-Hoc|ARM.ActiveCfg = Ad-Hoc|iPhone
		{F3EF5323-D913-41C7-917A-408F8753C4E5}.Ad-Hoc|iPhone.ActiveCfg = Ad-Hoc|iPhone
		{F3EF5323-D913-41C7-917A-408F8753C4E5}.Ad-Hoc|iPhone.Build.0 = Ad-Hoc|iPhone
		{F3EF5323-D913-41C7-917A-408F8753C4E5}.Ad-Hoc|iPhoneSimulator.ActiveCfg = Ad-Hoc|iPhoneSimulator
		{F3EF5323-D913-41C7-917A-408F8753C4E5}.Ad-Hoc|iPhoneSimulator.Build.0 = Ad-Hoc|iPhoneSimulator
		{F3EF5323-D913-41C7-917A-408F8753C4E5}.Ad-Hoc|x64.ActiveCfg = Ad-Hoc|iPhone
		{F3EF5323-D913-41C7-917A-408F8753C4E5}.Ad-Hoc|x86.ActiveCfg = Ad-Hoc|iPhone
		{F3EF5323-D913-41C7-917A-408F8753C4E5}.AppStore|Any CPU.ActiveCfg = AppStore|iPhoneSimulator
		{F3EF5323-D913-41C7-917A-408F8753C4E5}.AppStore|ARM.ActiveCfg = AppStore|iPhone
		{F3EF5323-D913-41C7-917A-408F8753C4E5}.AppStore|iPhone.ActiveCfg = AppStore|iPhone
		{F3EF5323-D913-41C7-917A-408F8753C4E5}.AppStore|iPhone.Build.0 = AppStore|iPhone
		{F3EF5323-D913-41C7-917A-408F8753C4E5}.AppStore|iPhoneSimulator.ActiveCfg = AppStore|iPhoneSimulator
		{F3EF5323-D913-41C7-917A-408F8753C4E5}.AppStore|iPhoneSimulator.Build.0 = AppStore|iPhoneSimulator
		{F3EF5323-D913-41C7-917A-408F8753C4E5}.AppStore|x64.ActiveCfg = AppStore|iPhone
		{F3EF5323-D913-41C7-917A-408F8753C4E5}.AppStore|x86.ActiveCfg = AppStore|iPhone
		{F3EF5323-D913-41C7-917A-408F8753C4E5}.Debug|Any CPU.ActiveCfg = Debug|iPhoneSimulator
		{F3EF5323-D913-41C7-917A-408F8753C4E5}.Debug|ARM.ActiveCfg = Debug|iPhone
		{F3EF5323-D913-41C7-917A-408F8753C4E5}.Debug|iPhone.ActiveCfg = Debug|iPhone
		{F3EF5323-D913-41C7-917A-408F8753C4E5}.Debug|iPhone.Build.0 = Debug|iPhone
		{F3EF5323-D913-41C7-917A-408F8753C4E5}.Debug|iPhoneSimulator.ActiveCfg = Debug|iPhoneSimulator
		{F3EF5323-D913-41C7-917A-408F8753C4E5}.Debug|iPhoneSimulator.Build.0 = Debug|iPhoneSimulator
		{F3EF5323-D913-41C7-917A-408F8753C4E5}.Debug|x64.ActiveCfg = Debug|iPhone
		{F3EF5323-D913-41C7-917A-408F8753C4E5}.Debug|x86.ActiveCfg = Debug|iPhone
		{F3EF5323-D913-41C7-917A-408F8753C4E5}.Release|Any CPU.ActiveCfg = Release|iPhoneSimulator
		{F3EF5323-D913-41C7-917A-408F8753C4E5}.Release|ARM.ActiveCfg = Release|iPhone
		{F3EF5323-D913-41C7-917A-408F8753C4E5}.Release|iPhone.ActiveCfg = Release|iPhone
		{F3EF5323-D913-41C7-917A-408F8753C4E5}.Release|iPhone.Build.0 = Release|iPhone
		{F3EF5323-D913-41C7-917A-408F8753C4E5}.Release|iPhoneSimulator.ActiveCfg = Release|iPhoneSimulator
		{F3EF5323-D913-41C7-917A-408F8753C4E5}.Release|iPhoneSimulator.Build.0 = Release|iPhoneSimulator
		{F3EF5323-D913-41C7-917A-408F8753C4E5}.Release|x64.ActiveCfg = Release|iPhone
		{F3EF5323-D913-41C7-917A-408F8753C4E5}.Release|x86.ActiveCfg = Release|iPhone
	EndGlobalSection
	GlobalSection(SolutionProperties) = preSolution
		HideSolutionNode = FALSE
	EndGlobalSection
	GlobalSection(ExtensibilityGlobals) = postSolution
		SolutionGuid = {FE49382C-9FD0-4E56-B968-0F6533A68011}
	EndGlobalSection
EndGlobal
